
Microsoft Visual Studio Solution File, Format Version 12.00
# Visual Studio Version 17
VisualStudioVersion = 17.10.35027.167
MinimumVisualStudioVersion = 10.0.40219.1
Project("{9A19103F-16F7-4668-BE54-9A1E7A4F7556}") = "EnterpriseLayer", "EnterpriseLayer.csproj", "{85F74D52-9E54-463B-A1AB-39A118B55FBD}"
EndProject
Project("{9A19103F-16F7-4668-BE54-9A1E7A4F7556}") = "Application", "..\Application\Application.csproj", "{6884D1C5-8785-4F35-81CE-2D43B5325A35}"
EndProject
Project("{9A19103F-16F7-4668-BE54-9A1E7A4F7556}") = "DataAdapters", "..\Adapters\DataAdapters.csproj", "{F5CB0A7F-FEE4-495F-B74A-FF2AD46011BE}"
EndProject
Project("{9A19103F-16F7-4668-BE54-9A1E7A4F7556}") = "RepositoryAdapters", "..\RepositoryAdapters\RepositoryAdapters.csproj", "{0166464F-9465-41D6-A225-BA1A511B9781}"
EndProject
Project("{9A19103F-16F7-4668-BE54-9A1E7A4F7556}") = "API", "..\API\API.csproj", "{68C5137D-0479-461B-83D1-7A103906ACD4}"
EndProject
Project("{9A19103F-16F7-4668-BE54-9A1E7A4F7556}") = "ModelAdapters", "..\ModelAdapters\ModelAdapters.csproj", "{6B203231-316C-4EC3-9EA4-CF5004C0E771}"
EndProject
Project("{9A19103F-16F7-4668-BE54-9A1E7A4F7556}") = "PresentersAdapters", "..\PresentersAdapters\PresentersAdapters.csproj", "{39AAC524-3CB3-4950-8B37-0C602061AB97}"
EndProject
Project("{9A19103F-16F7-4668-BE54-9A1E7A4F7556}") = "MapperAdapter", "..\MapperAdapter\MapperAdapter.csproj", "{40A6BF42-F8F2-42CC-BF22-806352EBACD6}"
EndProject
Project("{FAE04EC0-301F-11D3-BF4B-00C04F79EFBC}") = "ThirdPartiesAdapters", "..\Third´PartiesAdapters\ThirdPartiesAdapters.csproj", "{49D09078-D1F6-47BB-A9AE-385A13431D45}"
EndProject
Project("{FAE04EC0-301F-11D3-BF4B-00C04F79EFBC}") = "ExternalServiceFrameworkDriver", "..\ExternalServiceFrameworkDriver\ExternalServiceFrameworkDriver.csproj", "{FC1E709D-ACAE-4604-B600-551E769E7856}"
EndProject
Project("{FAE04EC0-301F-11D3-BF4B-00C04F79EFBC}") = "Console", "..\Console\Console.csproj", "{656BEEE1-CD10-4B03-BA2C-C69CA48B3053}"
EndProject
Global
	GlobalSection(SolutionConfigurationPlatforms) = preSolution
		Debug|Any CPU = Debug|Any CPU
		Release|Any CPU = Release|Any CPU
	EndGlobalSection
	GlobalSection(ProjectConfigurationPlatforms) = postSolution
		{85F74D52-9E54-463B-A1AB-39A118B55FBD}.Debug|Any CPU.ActiveCfg = Debug|Any CPU
		{85F74D52-9E54-463B-A1AB-39A118B55FBD}.Debug|Any CPU.Build.0 = Debug|Any CPU
		{85F74D52-9E54-463B-A1AB-39A118B55FBD}.Release|Any CPU.ActiveCfg = Release|Any CPU
		{85F74D52-9E54-463B-A1AB-39A118B55FBD}.Release|Any CPU.Build.0 = Release|Any CPU
		{6884D1C5-8785-4F35-81CE-2D43B5325A35}.Debug|Any CPU.ActiveCfg = Debug|Any CPU
		{6884D1C5-8785-4F35-81CE-2D43B5325A35}.Debug|Any CPU.Build.0 = Debug|Any CPU
		{6884D1C5-8785-4F35-81CE-2D43B5325A35}.Release|Any CPU.ActiveCfg = Release|Any CPU
		{6884D1C5-8785-4F35-81CE-2D43B5325A35}.Release|Any CPU.Build.0 = Release|Any CPU
		{F5CB0A7F-FEE4-495F-B74A-FF2AD46011BE}.Debug|Any CPU.ActiveCfg = Debug|Any CPU
		{F5CB0A7F-FEE4-495F-B74A-FF2AD46011BE}.Debug|Any CPU.Build.0 = Debug|Any CPU
		{F5CB0A7F-FEE4-495F-B74A-FF2AD46011BE}.Release|Any CPU.ActiveCfg = Release|Any CPU
		{F5CB0A7F-FEE4-495F-B74A-FF2AD46011BE}.Release|Any CPU.Build.0 = Release|Any CPU
		{0166464F-9465-41D6-A225-BA1A511B9781}.Debug|Any CPU.ActiveCfg = Debug|Any CPU
		{0166464F-9465-41D6-A225-BA1A511B9781}.Debug|Any CPU.Build.0 = Debug|Any CPU
		{0166464F-9465-41D6-A225-BA1A511B9781}.Release|Any CPU.ActiveCfg = Release|Any CPU
		{0166464F-9465-41D6-A225-BA1A511B9781}.Release|Any CPU.Build.0 = Release|Any CPU
		{68C5137D-0479-461B-83D1-7A103906ACD4}.Debug|Any CPU.ActiveCfg = Debug|Any CPU
		{68C5137D-0479-461B-83D1-7A103906ACD4}.Debug|Any CPU.Build.0 = Debug|Any CPU
		{68C5137D-0479-461B-83D1-7A103906ACD4}.Release|Any CPU.ActiveCfg = Release|Any CPU
		{68C5137D-0479-461B-83D1-7A103906ACD4}.Release|Any CPU.Build.0 = Release|Any CPU
		{6B203231-316C-4EC3-9EA4-CF5004C0E771}.Debug|Any CPU.ActiveCfg = Debug|Any CPU
		{6B203231-316C-4EC3-9EA4-CF5004C0E771}.Debug|Any CPU.Build.0 = Debug|Any CPU
		{6B203231-316C-4EC3-9EA4-CF5004C0E771}.Release|Any CPU.ActiveCfg = Release|Any CPU
		{6B203231-316C-4EC3-9EA4-CF5004C0E771}.Release|Any CPU.Build.0 = Release|Any CPU
		{39AAC524-3CB3-4950-8B37-0C602061AB97}.Debug|Any CPU.ActiveCfg = Debug|Any CPU
		{39AAC524-3CB3-4950-8B37-0C602061AB97}.Debug|Any CPU.Build.0 = Debug|Any CPU
		{39AAC524-3CB3-4950-8B37-0C602061AB97}.Release|Any CPU.ActiveCfg = Release|Any CPU
		{39AAC524-3CB3-4950-8B37-0C602061AB97}.Release|Any CPU.Build.0 = Release|Any CPU
		{40A6BF42-F8F2-42CC-BF22-806352EBACD6}.Debug|Any CPU.ActiveCfg = Debug|Any CPU
		{40A6BF42-F8F2-42CC-BF22-806352EBACD6}.Debug|Any CPU.Build.0 = Debug|Any CPU
		{40A6BF42-F8F2-42CC-BF22-806352EBACD6}.Release|Any CPU.ActiveCfg = Release|Any CPU
		{40A6BF42-F8F2-42CC-BF22-806352EBACD6}.Release|Any CPU.Build.0 = Release|Any CPU
		{49D09078-D1F6-47BB-A9AE-385A13431D45}.Debug|Any CPU.ActiveCfg = Debug|Any CPU
		{49D09078-D1F6-47BB-A9AE-385A13431D45}.Debug|Any CPU.Build.0 = Debug|Any CPU
		{49D09078-D1F6-47BB-A9AE-385A13431D45}.Release|Any CPU.ActiveCfg = Release|Any CPU
		{49D09078-D1F6-47BB-A9AE-385A13431D45}.Release|Any CPU.Build.0 = Release|Any CPU
		{FC1E709D-ACAE-4604-B600-551E769E7856}.Debug|Any CPU.ActiveCfg = Debug|Any CPU
		{FC1E709D-ACAE-4604-B600-551E769E7856}.Debug|Any CPU.Build.0 = Debug|Any CPU
		{FC1E709D-ACAE-4604-B600-551E769E7856}.Release|Any CPU.ActiveCfg = Release|Any CPU
		{FC1E709D-ACAE-4604-B600-551E769E7856}.Release|Any CPU.Build.0 = Release|Any CPU
		{656BEEE1-CD10-4B03-BA2C-C69CA48B3053}.Debug|Any CPU.ActiveCfg = Debug|Any CPU
		{656BEEE1-CD10-4B03-BA2C-C69CA48B3053}.Debug|Any CPU.Build.0 = Debug|Any CPU
		{656BEEE1-CD10-4B03-BA2C-C69CA48B3053}.Release|Any CPU.ActiveCfg = Release|Any CPU
		{656BEEE1-CD10-4B03-BA2C-C69CA48B3053}.Release|Any CPU.Build.0 = Release|Any CPU
	EndGlobalSection
	GlobalSection(SolutionProperties) = preSolution
		HideSolutionNode = FALSE
	EndGlobalSection
	GlobalSection(ExtensibilityGlobals) = postSolution
		SolutionGuid = {A9F647A3-93C0-4D08-9B4D-A87F30118F6E}
	EndGlobalSection
EndGlobal
